// !$*UTF8*$!
{
	archiveVersion = 1;
	classes = {
	};
	objectVersion = 55;
	objects = {

/* Begin PBXBuildFile section */
		89ADAA7427A4632C005E00BD /* DiceApp.swift in Sources */ = {isa = PBXBuildFile; fileRef = 89ADAA7327A4632C005E00BD /* DiceApp.swift */; };
		89ADAA7627A4632C005E00BD /* ContentView.swift in Sources */ = {isa = PBXBuildFile; fileRef = 89ADAA7527A4632C005E00BD /* ContentView.swift */; };
		89ADAA7827A46339005E00BD /* Assets.xcassets in Resources */ = {isa = PBXBuildFile; fileRef = 89ADAA7727A46339005E00BD /* Assets.xcassets */; };
		89ADAA7B27A46339005E00BD /* Preview Assets.xcassets in Resources */ = {isa = PBXBuildFile; fileRef = 89ADAA7A27A46339005E00BD /* Preview Assets.xcassets */; };
		89ADAA8427A46D02005E00BD /* RollView.swift in Sources */ = {isa = PBXBuildFile; fileRef = 89ADAA8327A46D02005E00BD /* RollView.swift */; };
		89ADAA8627A46E1A005E00BD /* OverallStatsView.swift in Sources */ = {isa = PBXBuildFile; fileRef = 89ADAA8527A46E1A005E00BD /* OverallStatsView.swift */; };
		89ADAA8827A46F06005E00BD /* ViewModel.swift in Sources */ = {isa = PBXBuildFile; fileRef = 89ADAA8727A46F06005E00BD /* ViewModel.swift */; };
		89ADAA8C27A487C3005E00BD /* FileManagerEXT.swift in Sources */ = {isa = PBXBuildFile; fileRef = 89ADAA8B27A487C3005E00BD /* FileManagerEXT.swift */; };
		89ADAA9427A64DBF005E00BD /* DataToSave.swift in Sources */ = {isa = PBXBuildFile; fileRef = 89ADAA9327A64DBF005E00BD /* DataToSave.swift */; };
/* End PBXBuildFile section */

/* Begin PBXFileReference section */
		89ADAA7027A4632C005E00BD /* Dice.app */ = {isa = PBXFileReference; explicitFileType = wrapper.application; includeInIndex = 0; path = Dice.app; sourceTree = BUILT_PRODUCTS_DIR; };
		89ADAA7327A4632C005E00BD /* DiceApp.swift */ = {isa = PBXFileReference; lastKnownFileType = sourcecode.swift; path = DiceApp.swift; sourceTree = "<group>"; };
		89ADAA7527A4632C005E00BD /* ContentView.swift */ = {isa = PBXFileReference; lastKnownFileType = sourcecode.swift; path = ContentView.swift; sourceTree = "<group>"; };
		89ADAA7727A46339005E00BD /* Assets.xcassets */ = {isa = PBXFileReference; lastKnownFileType = folder.assetcatalog; path = Assets.xcassets; sourceTree = "<group>"; };
		89ADAA7A27A46339005E00BD /* Preview Assets.xcassets */ = {isa = PBXFileReference; lastKnownFileType = folder.assetcatalog; path = "Preview Assets.xcassets"; sourceTree = "<group>"; };
		89ADAA8327A46D02005E00BD /* RollView.swift */ = {isa = PBXFileReference; lastKnownFileType = sourcecode.swift; path = RollView.swift; sourceTree = "<group>"; };
		89ADAA8527A46E1A005E00BD /* OverallStatsView.swift */ = {isa = PBXFileReference; lastKnownFileType = sourcecode.swift; path = OverallStatsView.swift; sourceTree = "<group>"; };
		89ADAA8727A46F06005E00BD /* ViewModel.swift */ = {isa = PBXFileReference; lastKnownFileType = sourcecode.swift; path = ViewModel.swift; sourceTree = "<group>"; };
		89ADAA8B27A487C3005E00BD /* FileManagerEXT.swift */ = {isa = PBXFileReference; lastKnownFileType = sourcecode.swift; path = FileManagerEXT.swift; sourceTree = "<group>"; };
		89ADAA9327A64DBF005E00BD /* DataToSave.swift */ = {isa = PBXFileReference; lastKnownFileType = sourcecode.swift; path = DataToSave.swift; sourceTree = "<group>"; };
/* End PBXFileReference section */

/* Begin PBXFrameworksBuildPhase section */
		89ADAA6D27A4632C005E00BD /* Frameworks */ = {
			isa = PBXFrameworksBuildPhase;
			buildActionMask = 2147483647;
			files = (
			);
			runOnlyForDeploymentPostprocessing = 0;
		};
/* End PBXFrameworksBuildPhase section */

/* Begin PBXGroup section */
		89ADAA6727A4632C005E00BD = {
			isa = PBXGroup;
			children = (
				89ADAA7227A4632C005E00BD /* Dice */,
				89ADAA7127A4632C005E00BD /* Products */,
			);
			sourceTree = "<group>";
		};
		89ADAA7127A4632C005E00BD /* Products */ = {
			isa = PBXGroup;
			children = (
				89ADAA7027A4632C005E00BD /* Dice.app */,
			);
			name = Products;
			sourceTree = "<group>";
		};
		89ADAA7227A4632C005E00BD /* Dice */ = {
			isa = PBXGroup;
			children = (
				89ADAA7327A4632C005E00BD /* DiceApp.swift */,
				89ADAA8D27A487C9005E00BD /* Model */,
				89ADAA8A27A47541005E00BD /* ViewModel */,
				89ADAA8927A4752A005E00BD /* View */,
				89ADAA7927A46339005E00BD /* Preview Content */,
			);
			path = Dice;
			sourceTree = "<group>";
		};
		89ADAA7927A46339005E00BD /* Preview Content */ = {
			isa = PBXGroup;
			children = (
				89ADAA7727A46339005E00BD /* Assets.xcassets */,
				89ADAA7A27A46339005E00BD /* Preview Assets.xcassets */,
			);
			path = "Preview Content";
			sourceTree = "<group>";
		};
		89ADAA8927A4752A005E00BD /* View */ = {
			isa = PBXGroup;
			children = (
				89ADAA8327A46D02005E00BD /* RollView.swift */,
				89ADAA7527A4632C005E00BD /* ContentView.swift */,
				89ADAA8527A46E1A005E00BD /* OverallStatsView.swift */,
			);
			path = View;
			sourceTree = "<group>";
		};
		89ADAA8A27A47541005E00BD /* ViewModel */ = {
			isa = PBXGroup;
			children = (
				89ADAA8727A46F06005E00BD /* ViewModel.swift */,
			);
			path = ViewModel;
			sourceTree = "<group>";
		};
		89ADAA8D27A487C9005E00BD /* Model */ = {
			isa = PBXGroup;
			children = (
				89ADAA8B27A487C3005E00BD /* FileManagerEXT.swift */,
				89ADAA9327A64DBF005E00BD /* DataToSave.swift */,
			);
			path = Model;
			sourceTree = "<group>";
		};
/* End PBXGroup section */

/* Begin PBXNativeTarget section */
		89ADAA6F27A4632C005E00BD /* Dice */ = {
			isa = PBXNativeTarget;
			buildConfigurationList = 89ADAA7E27A46339005E00BD /* Build configuration list for PBXNativeTarget "Dice" */;
			buildPhases = (
				89ADAA6C27A4632C005E00BD /* Sources */,
				89ADAA6D27A4632C005E00BD /* Frameworks */,
				89ADAA6E27A4632C005E00BD /* Resources */,
			);
			buildRules = (
			);
			dependencies = (
			);
			name = Dice;
			productName = Dice;
			productReference = 89ADAA7027A4632C005E00BD /* Dice.app */;
			productType = "com.apple.product-type.application";
		};
/* End PBXNativeTarget section */

/* Begin PBXProject section */
		89ADAA6827A4632C005E00BD /* Project object */ = {
			isa = PBXProject;
			attributes = {
				BuildIndependentTargetsInParallel = 1;
				LastSwiftUpdateCheck = 1310;
				LastUpgradeCheck = 1310;
				TargetAttributes = {
					89ADAA6F27A4632C005E00BD = {
						CreatedOnToolsVersion = 13.1;
					};
				};
			};
			buildConfigurationList = 89ADAA6B27A4632C005E00BD /* Build configuration list for PBXProject "Dice" */;
			compatibilityVersion = "Xcode 13.0";
			developmentRegion = en;
			hasScannedForEncodings = 0;
			knownRegions = (
				en,
				Base,
			);
			mainGroup = 89ADAA6727A4632C005E00BD;
			productRefGroup = 89ADAA7127A4632C005E00BD /* Products */;
			projectDirPath = "";
			projectRoot = "";
			targets = (
				89ADAA6F27A4632C005E00BD /* Dice */,
			);
		};
/* End PBXProject section */

/* Begin PBXResourcesBuildPhase section */
		89ADAA6E27A4632C005E00BD /* Resources */ = {
			isa = PBXResourcesBuildPhase;
			buildActionMask = 2147483647;
			files = (
				89ADAA7B27A46339005E00BD /* Preview Assets.xcassets in Resources */,
				89ADAA7827A46339005E00BD /* Assets.xcassets in Resources */,
			);
			runOnlyForDeploymentPostprocessing = 0;
		};
/* End PBXResourcesBuildPhase section */

/* Begin PBXSourcesBuildPhase section */
		89ADAA6C27A4632C005E00BD /* Sources */ = {
			isa = PBXSourcesBuildPhase;
			buildActionMask = 2147483647;
			files = (
				89ADAA7627A4632C005E00BD /* ContentView.swift in Sources */,
				89ADAA8827A46F06005E00BD /* ViewModel.swift in Sources */,
				89ADAA8427A46D02005E00BD /* RollView.swift in Sources */,
				89ADAA8C27A487C3005E00BD /* FileManagerEXT.swift in Sources */,
				89ADAA7427A4632C005E00BD /* DiceApp.swift in Sources */,
				89ADAA8627A46E1A005E00BD /* OverallStatsView.swift in Sources */,
				89ADAA9427A64DBF005E00BD /* DataToSave.swift in Sources */,
			);
			runOnlyForDeploymentPostprocessing = 0;
		};
/* End PBXSourcesBuildPhase section */

/* Begin XCBuildConfiguration section */
		89ADAA7C27A46339005E00BD /* Debug */ = {
			isa = XCBuildConfiguration;
			buildSettings = {
				ALWAYS_SEARCH_USER_PATHS = NO;
				CLANG_ANALYZER_NONNULL = YES;
				CLANG_ANALYZER_NUMBER_OBJECT_CONVERSION = YES_AGGRESSIVE;
				CLANG_CXX_LANGUAGE_STANDARD = "gnu++17";
				CLANG_CXX_LIBRARY = "libc++";
				CLANG_ENABLE_MODULES = YES;
				CLANG_ENABLE_OBJC_ARC = YES;
				CLANG_ENABLE_OBJC_WEAK = YES;
				CLANG_WARN_BLOCK_CAPTURE_AUTORELEASING = YES;
				CLANG_WARN_BOOL_CONVERSION = YES;
				CLANG_WARN_COMMA = YES;
				CLANG_WARN_CONSTANT_CONVERSION = YES;
				CLANG_WARN_DEPRECATED_OBJC_IMPLEMENTATIONS = YES;
				CLANG_WARN_DIRECT_OBJC_ISA_USAGE = YES_ERROR;
				CLANG_WARN_DOCUMENTATION_COMMENTS = YES;
				CLANG_WARN_EMPTY_BODY = YES;
				CLANG_WARN_ENUM_CONVERSION = YES;
				CLANG_WARN_INFINITE_RECURSION = YES;
				CLANG_WARN_INT_CONVERSION = YES;
				CLANG_WARN_NON_LITERAL_NULL_CONVERSION = YES;
				CLANG_WARN_OBJC_IMPLICIT_RETAIN_SELF = YES;
				CLANG_WARN_OBJC_LITERAL_CONVERSION = YES;
				CLANG_WARN_OBJC_ROOT_CLASS = YES_ERROR;
				CLANG_WARN_QUOTED_INCLUDE_IN_FRAMEWORK_HEADER = YES;
				CLANG_WARN_RANGE_LOOP_ANALYSIS = YES;
				CLANG_WARN_STRICT_PROTOTYPES = YES;
				CLANG_WARN_SUSPICIOUS_MOVE = YES;
				CLANG_WARN_UNGUARDED_AVAILABILITY = YES_AGGRESSIVE;
				CLANG_WARN_UNREACHABLE_CODE = YES;
				CLANG_WARN__DUPLICATE_METHOD_MATCH = YES;
				COPY_PHASE_STRIP = NO;
				DEBUG_INFORMATION_FORMAT = dwarf;
				ENABLE_STRICT_OBJC_MSGSEND = YES;
				ENABLE_TESTABILITY = YES;
				GCC_C_LANGUAGE_STANDARD = gnu11;
				GCC_DYNAMIC_NO_PIC = NO;
				GCC_NO_COMMON_BLOCKS = YES;
				GCC_OPTIMIZATION_LEVEL = 0;
				GCC_PREPROCESSOR_DEFINITIONS = (
					"DEBUG=1",
					"$(inherited)",
				);
				GCC_WARN_64_TO_32_BIT_CONVERSION = YES;
				GCC_WARN_ABOUT_RETURN_TYPE = YES_ERROR;
				GCC_WARN_UNDECLARED_SELECTOR = YES;
				GCC_WARN_UNINITIALIZED_AUTOS = YES_AGGRESSIVE;
				GCC_WARN_UNUSED_FUNCTION = YES;
				GCC_WARN_UNUSED_VARIABLE = YES;
				IPHONEOS_DEPLOYMENT_TARGET = 15.0;
				MTL_ENABLE_DEBUG_INFO = INCLUDE_SOURCE;
				MTL_FAST_MATH = YES;
				ONLY_ACTIVE_ARCH = YES;
				SDKROOT = iphoneos;
				SWIFT_ACTIVE_COMPILATION_CONDITIONS = DEBUG;
				SWIFT_OPTIMIZATION_LEVEL = "-Onone";
			};
			name = Debug;
		};
		89ADAA7D27A46339005E00BD /* Release */ = {
			isa = XCBuildConfiguration;
			buildSettings = {
				ALWAYS_SEARCH_USER_PATHS = NO;
				CLANG_ANALYZER_NONNULL = YES;
				CLANG_ANALYZER_NUMBER_OBJECT_CONVERSION = YES_AGGRESSIVE;
				CLANG_CXX_LANGUAGE_STANDARD = "gnu++17";
				CLANG_CXX_LIBRARY = "libc++";
				CLANG_ENABLE_MODULES = YES;
				CLANG_ENABLE_OBJC_ARC = YES;
				CLANG_ENABLE_OBJC_WEAK = YES;
				CLANG_WARN_BLOCK_CAPTURE_AUTORELEASING = YES;
				CLANG_WARN_BOOL_CONVERSION = YES;
				CLANG_WARN_COMMA = YES;
				CLANG_WARN_CONSTANT_CONVERSION = YES;
				CLANG_WARN_DEPRECATED_OBJC_IMPLEMENTATIONS = YES;
				CLANG_WARN_DIRECT_OBJC_ISA_USAGE = YES_ERROR;
				CLANG_WARN_DOCUMENTATION_COMMENTS = YES;
				CLANG_WARN_EMPTY_BODY = YES;
				CLANG_WARN_ENUM_CONVERSION = YES;
				CLANG_WARN_INFINITE_RECURSION = YES;
				CLANG_WARN_INT_CONVERSION = YES;
				CLANG_WARN_NON_LITERAL_NULL_CONVERSION = YES;
				CLANG_WARN_OBJC_IMPLICIT_RETAIN_SELF = YES;
				CLANG_WARN_OBJC_LITERAL_CONVERSION = YES;
				CLANG_WARN_OBJC_ROOT_CLASS = YES_ERROR;
				CLANG_WARN_QUOTED_INCLUDE_IN_FRAMEWORK_HEADER = YES;
				CLANG_WARN_RANGE_LOOP_ANALYSIS = YES;
				CLANG_WARN_STRICT_PROTOTYPES = YES;
				CLANG_WARN_SUSPICIOUS_MOVE = YES;
				CLANG_WARN_UNGUARDED_AVAILABILITY = YES_AGGRESSIVE;
				CLANG_WARN_UNREACHABLE_CODE = YES;
				CLANG_WARN__DUPLICATE_METHOD_MATCH = YES;
				COPY_PHASE_STRIP = NO;
				DEBUG_INFORMATION_FORMAT = "dwarf-with-dsym";
				ENABLE_NS_ASSERTIONS = NO;
				ENABLE_STRICT_OBJC_MSGSEND = YES;
				GCC_C_LANGUAGE_STANDARD = gnu11;
				GCC_NO_COMMON_BLOCKS = YES;
				GCC_WARN_64_TO_32_BIT_CONVERSION = YES;
				GCC_WARN_ABOUT_RETURN_TYPE = YES_ERROR;
				GCC_WARN_UNDECLARED_SELECTOR = YES;
				GCC_WARN_UNINITIALIZED_AUTOS = YES_AGGRESSIVE;
				GCC_WARN_UNUSED_FUNCTION = YES;
				GCC_WARN_UNUSED_VARIABLE = YES;
				IPHONEOS_DEPLOYMENT_TARGET = 15.0;
				MTL_ENABLE_DEBUG_INFO = NO;
				MTL_FAST_MATH = YES;
				SDKROOT = iphoneos;
				SWIFT_COMPILATION_MODE = wholemodule;
				SWIFT_OPTIMIZATION_LEVEL = "-O";
				VALIDATE_PRODUCT = YES;
			};
			name = Release;
		};
		89ADAA7F27A46339005E00BD /* Debug */ = {
			isa = XCBuildConfiguration;
			buildSettings = {
				ASSETCATALOG_COMPILER_APPICON_NAME = AppIcon;
				ASSETCATALOG_COMPILER_GLOBAL_ACCENT_COLOR_NAME = AccentColor;
				CODE_SIGN_STYLE = Automatic;
				CURRENT_PROJECT_VERSION = 1;
				DEVELOPMENT_ASSET_PATHS = "\"Dice/Preview Content\"";
				ENABLE_PREVIEWS = YES;
				GENERATE_INFOPLIST_FILE = YES;
				INFOPLIST_KEY_UIApplicationSceneManifest_Generation = YES;
				INFOPLIST_KEY_UIApplicationSupportsIndirectInputEvents = YES;
				INFOPLIST_KEY_UILaunchScreen_Generation = YES;
				INFOPLIST_KEY_UISupportedInterfaceOrientations_iPad = "UIInterfaceOrientationPortrait UIInterfaceOrientationPortraitUpsideDown UIInterfaceOrientationLandscapeLeft UIInterfaceOrientationLandscapeRight";
				INFOPLIST_KEY_UISupportedInterfaceOrientations_iPhone = "UIInterfaceOrientationPortrait UIInterfaceOrientationLandscapeLeft UIInterfaceOrientationLandscapeRight";
				LD_RUNPATH_SEARCH_PATHS = (
					"$(inherited)",
					"@executable_path/Frameworks",
				);
				MARKETING_VERSION = 1.0;
				PRODUCT_BUNDLE_IDENTIFIER = vainikkaxd.Dice;
				PRODUCT_NAME = "$(TARGET_NAME)";
				SWIFT_EMIT_LOC_STRINGS = YES;
				SWIFT_VERSION = 5.0;
				TARGETED_DEVICE_FAMILY = "1,2";
			};
			name = Debug;
		};
		89ADAA8027A46339005E00BD /* Release */ = {
			isa = XCBuildConfiguration;
			buildSettings = {
				ASSETCATALOG_COMPILER_APPICON_NAME = AppIcon;
				ASSETCATALOG_COMPILER_GLOBAL_ACCENT_COLOR_NAME = AccentColor;
				CODE_SIGN_STYLE = Automatic;
				CURRENT_PROJECT_VERSION = 1;
				DEVELOPMENT_ASSET_PATHS = "\"Dice/Preview Content\"";
				ENABLE_PREVIEWS = YES;
				GENERATE_INFOPLIST_FILE = YES;
				INFOPLIST_KEY_UIApplicationSceneManifest_Generation = YES;
				INFOPLIST_KEY_UIApplicationSupportsIndirectInputEvents = YES;
				INFOPLIST_KEY_UILaunchScreen_Generation = YES;
				INFOPLIST_KEY_UISupportedInterfaceOrientations_iPad = "UIInterfaceOrientationPortrait UIInterfaceOrientationPortraitUpsideDown UIInterfaceOrientationLandscapeLeft UIInterfaceOrientationLandscapeRight";
				INFOPLIST_KEY_UISupportedInterfaceOrientations_iPhone = "UIInterfaceOrientationPortrait UIInterfaceOrientationLandscapeLeft UIInterfaceOrientationLandscapeRight";
				LD_RUNPATH_SEARCH_PATHS = (
					"$(inherited)",
					"@executable_path/Frameworks",
				);
				MARKETING_VERSION = 1.0;
				PRODUCT_BUNDLE_IDENTIFIER = vainikkaxd.Dice;
				PRODUCT_NAME = "$(TARGET_NAME)";
				SWIFT_EMIT_LOC_STRINGS = YES;
				SWIFT_VERSION = 5.0;
				TARGETED_DEVICE_FAMILY = "1,2";
			};
			name = Release;
		};
/* End XCBuildConfiguration section */

/* Begin XCConfigurationList section */
		89ADAA6B27A4632C005E00BD /* Build configuration list for PBXProject "Dice" */ = {
			isa = XCConfigurationList;
			buildConfigurations = (
				89ADAA7C27A46339005E00BD /* Debug */,
				89ADAA7D27A46339005E00BD /* Release */,
			);
			defaultConfigurationIsVisible = 0;
			defaultConfigurationName = Release;
		};
		89ADAA7E27A46339005E00BD /* Build configuration list for PBXNativeTarget "Dice" */ = {
			isa = XCConfigurationList;
			buildConfigurations = (
				89ADAA7F27A46339005E00BD /* Debug */,
				89ADAA8027A46339005E00BD /* Release */,
			);
			defaultConfigurationIsVisible = 0;
			defaultConfigurationName = Release;
		};
/* End XCConfigurationList section */
	};
	rootObject = 89ADAA6827A4632C005E00BD /* Project object */;
}
